
Microsoft Visual Studio Solution File, Format Version 12.00
# Visual Studio 15
VisualStudioVersion = 15.0.28307.271
MinimumVisualStudioVersion = 10.0.40219.1
Project("{FAE04EC0-301F-11D3-BF4B-00C04F79EFBC}") = "WebApi.ToDoList", "WebApi.ToDoList\WebApi.ToDoList.csproj", "{9C045326-3BA6-4872-9DC2-00D9E66A9C38}"
EndProject
Project("{FAE04EC0-301F-11D3-BF4B-00C04F79EFBC}") = "WebApi.ToDoList.Tests", "WebApi.ToDoList.Tests\WebApi.ToDoList.Tests.csproj", "{4A133194-9E2D-4051-AAFE-D79DC67DCC3D}"
EndProject
Project("{2150E333-8FDC-42A3-9474-1A3956D46DE8}") = "Commons", "Commons", "{F106174B-A9C8-4D6D-A0CB-631CAFCB4CA0}"
EndProject
Project("{FAE04EC0-301F-11D3-BF4B-00C04F79EFBC}") = "WebApi.ToDoList.Database", "WebApi.ToDoList.Database\WebApi.ToDoList.Database.csproj", "{DB052A67-E050-4A0F-B505-884EF079B947}"
EndProject
Project("{FAE04EC0-301F-11D3-BF4B-00C04F79EFBC}") = "WebApi.ToDoList.Entities", "WebApi.ToDoList.Entities\WebApi.ToDoList.Entities.csproj", "{1FB42D85-46C5-4D07-BE72-16CE2202DBD6}"
EndProject
Project("{00D1A9C2-B5F0-4AF3-8072-F6C62B433612}") = "WebApi.ToDoList.SQL", "WebApi.ToDoList.SQL\WebApi.ToDoList.SQL.sqlproj", "{75CFCC53-5F24-406C-95C8-DD2D0496C9A3}"
EndProject
Global
	GlobalSection(SolutionConfigurationPlatforms) = preSolution
		Debug|Any CPU = Debug|Any CPU
		Release|Any CPU = Release|Any CPU
	EndGlobalSection
	GlobalSection(ProjectConfigurationPlatforms) = postSolution
		{9C045326-3BA6-4872-9DC2-00D9E66A9C38}.Debug|Any CPU.ActiveCfg = Debug|Any CPU
		{9C045326-3BA6-4872-9DC2-00D9E66A9C38}.Debug|Any CPU.Build.0 = Debug|Any CPU
		{9C045326-3BA6-4872-9DC2-00D9E66A9C38}.Release|Any CPU.ActiveCfg = Release|Any CPU
		{9C045326-3BA6-4872-9DC2-00D9E66A9C38}.Release|Any CPU.Build.0 = Release|Any CPU
		{4A133194-9E2D-4051-AAFE-D79DC67DCC3D}.Debug|Any CPU.ActiveCfg = Debug|Any CPU
		{4A133194-9E2D-4051-AAFE-D79DC67DCC3D}.Debug|Any CPU.Build.0 = Debug|Any CPU
		{4A133194-9E2D-4051-AAFE-D79DC67DCC3D}.Release|Any CPU.ActiveCfg = Release|Any CPU
		{4A133194-9E2D-4051-AAFE-D79DC67DCC3D}.Release|Any CPU.Build.0 = Release|Any CPU
		{DB052A67-E050-4A0F-B505-884EF079B947}.Debug|Any CPU.ActiveCfg = Debug|Any CPU
		{DB052A67-E050-4A0F-B505-884EF079B947}.Debug|Any CPU.Build.0 = Debug|Any CPU
		{DB052A67-E050-4A0F-B505-884EF079B947}.Release|Any CPU.ActiveCfg = Release|Any CPU
		{DB052A67-E050-4A0F-B505-884EF079B947}.Release|Any CPU.Build.0 = Release|Any CPU
		{1FB42D85-46C5-4D07-BE72-16CE2202DBD6}.Debug|Any CPU.ActiveCfg = Debug|Any CPU
		{1FB42D85-46C5-4D07-BE72-16CE2202DBD6}.Debug|Any CPU.Build.0 = Debug|Any CPU
		{1FB42D85-46C5-4D07-BE72-16CE2202DBD6}.Release|Any CPU.ActiveCfg = Release|Any CPU
		{1FB42D85-46C5-4D07-BE72-16CE2202DBD6}.Release|Any CPU.Build.0 = Release|Any CPU
		{75CFCC53-5F24-406C-95C8-DD2D0496C9A3}.Debug|Any CPU.ActiveCfg = Debug|Any CPU
		{75CFCC53-5F24-406C-95C8-DD2D0496C9A3}.Debug|Any CPU.Build.0 = Debug|Any CPU
		{75CFCC53-5F24-406C-95C8-DD2D0496C9A3}.Debug|Any CPU.Deploy.0 = Debug|Any CPU
		{75CFCC53-5F24-406C-95C8-DD2D0496C9A3}.Release|Any CPU.ActiveCfg = Release|Any CPU
		{75CFCC53-5F24-406C-95C8-DD2D0496C9A3}.Release|Any CPU.Build.0 = Release|Any CPU
		{75CFCC53-5F24-406C-95C8-DD2D0496C9A3}.Release|Any CPU.Deploy.0 = Release|Any CPU
	EndGlobalSection
	GlobalSection(SolutionProperties) = preSolution
		HideSolutionNode = FALSE
	EndGlobalSection
	GlobalSection(NestedProjects) = preSolution
		{DB052A67-E050-4A0F-B505-884EF079B947} = {F106174B-A9C8-4D6D-A0CB-631CAFCB4CA0}
		{1FB42D85-46C5-4D07-BE72-16CE2202DBD6} = {F106174B-A9C8-4D6D-A0CB-631CAFCB4CA0}
		{75CFCC53-5F24-406C-95C8-DD2D0496C9A3} = {F106174B-A9C8-4D6D-A0CB-631CAFCB4CA0}
	EndGlobalSection
	GlobalSection(ExtensibilityGlobals) = postSolution
		SolutionGuid = {B4BC0C17-36F1-4868-A46D-9DBBCDA8A192}
	EndGlobalSection
EndGlobal
